
Microsoft Visual Studio Solution File, Format Version 12.00
# Visual Studio Version 17
VisualStudioVersion = 17.8.34511.84
MinimumVisualStudioVersion = 10.0.40219.1
Project("{FAE04EC0-301F-11D3-BF4B-00C04F79EFBC}") = "FormApplication", "FormApplication.csproj", "{AA46C5F9-5BD8-4B1E-81DA-35B423CE1D31}"
EndProject
Global
	GlobalSection(SolutionConfigurationPlatforms) = preSolution
		Debug|Any CPU = Debug|Any CPU
		Release|Any CPU = Release|Any CPU
	EndGlobalSection
	GlobalSection(ProjectConfigurationPlatforms) = postSolution
		{AA46C5F9-5BD8-4B1E-81DA-35B423CE1D31}.Debug|Any CPU.ActiveCfg = Debug|Any CPU
		{AA46C5F9-5BD8-4B1E-81DA-35B423CE1D31}.Debug|Any CPU.Build.0 = Debug|Any CPU
		{AA46C5F9-5BD8-4B1E-81DA-35B423CE1D31}.Release|Any CPU.ActiveCfg = Release|Any CPU
		{AA46C5F9-5BD8-4B1E-81DA-35B423CE1D31}.Release|Any CPU.Build.0 = Release|Any CPU
	EndGlobalSection
	GlobalSection(SolutionProperties) = preSolution
		HideSolutionNode = FALSE
	EndGlobalSection
	GlobalSection(ExtensibilityGlobals) = postSolution
		SolutionGuid = {CD6A59E9-1563-40E9-A833-1C04153BF554}
	EndGlobalSection
EndGlobal
