
Microsoft Visual Studio Solution File, Format Version 12.00
# Visual Studio Version 17
VisualStudioVersion = 17.8.34511.84
MinimumVisualStudioVersion = 10.0.40219.1
Project("{FAE04EC0-301F-11D3-BF4B-00C04F79EFBC}") = "WebApplication1", "WebApplication1.csproj", "{B411144C-CE4E-4A99-9F49-4C9ADD3101BA}"
EndProject
Global
	GlobalSection(SolutionConfigurationPlatforms) = preSolution
		Debug|Any CPU = Debug|Any CPU
		Release|Any CPU = Release|Any CPU
	EndGlobalSection
	GlobalSection(ProjectConfigurationPlatforms) = postSolution
		{B411144C-CE4E-4A99-9F49-4C9ADD3101BA}.Debug|Any CPU.ActiveCfg = Debug|Any CPU
		{B411144C-CE4E-4A99-9F49-4C9ADD3101BA}.Debug|Any CPU.Build.0 = Debug|Any CPU
		{B411144C-CE4E-4A99-9F49-4C9ADD3101BA}.Release|Any CPU.ActiveCfg = Release|Any CPU
		{B411144C-CE4E-4A99-9F49-4C9ADD3101BA}.Release|Any CPU.Build.0 = Release|Any CPU
	EndGlobalSection
	GlobalSection(SolutionProperties) = preSolution
		HideSolutionNode = FALSE
	EndGlobalSection
	GlobalSection(ExtensibilityGlobals) = postSolution
		SolutionGuid = {962EC0E0-4BEA-4DA8-BE7B-6A35FDEA1300}
	EndGlobalSection
EndGlobal
